
Microsoft Visual Studio Solution File, Format Version 12.00
# Visual Studio Version 16
VisualStudioVersion = 16.0.810.18
MinimumVisualStudioVersion = 10.0.40219.1
Project("{FAE04EC0-301F-11D3-BF4B-00C04F79EFBC}") = "razorwebEF", "razorwebEF.csproj", "{B6929145-7671-4780-9642-86A399709382}"
EndProject
Global
	GlobalSection(SolutionConfigurationPlatforms) = preSolution
		Debug|Any CPU = Debug|Any CPU
		Release|Any CPU = Release|Any CPU
	EndGlobalSection
	GlobalSection(ProjectConfigurationPlatforms) = postSolution
		{B6929145-7671-4780-9642-86A399709382}.Debug|Any CPU.ActiveCfg = Debug|Any CPU
		{B6929145-7671-4780-9642-86A399709382}.Debug|Any CPU.Build.0 = Debug|Any CPU
		{B6929145-7671-4780-9642-86A399709382}.Release|Any CPU.ActiveCfg = Release|Any CPU
		{B6929145-7671-4780-9642-86A399709382}.Release|Any CPU.Build.0 = Release|Any CPU
	EndGlobalSection
	GlobalSection(SolutionProperties) = preSolution
		HideSolutionNode = FALSE
	EndGlobalSection
	GlobalSection(ExtensibilityGlobals) = postSolution
		SolutionGuid = {0C7F3228-CC45-451D-BDC2-BBCAF1676EAD}
	EndGlobalSection
EndGlobal
